# THIS IS AN AUTOGENERATED FILE. DO NOT EDIT THIS FILE DIRECTLY.
assets/6E668017333092FD._t_:
  development: 2017-11-29T16:55:20+01:00
assets/29C7CE9917A0EF9A._t_:
  development: 2017-11-29T16:55:20+01:00
assets/25840333FC70FBE8._t_:
  development: 2017-11-29T16:55:20+01:00
assets/FF_Capture_1.jpg:
  development: 2017-11-29T16:55:21+01:00   7d18ec58347fb198423b47a9f299121c
assets/FF_Capture_1.png:
  development: 2017-11-29T16:55:22+01:00   c9a2d2d45a528a8baebadf3505b665d5
assets/FF_Capture_2.jpg:
  development: 2017-11-29T16:55:22+01:00   20cb6dfe6568e38313bc557b6d0ed22d
assets/FF_Capture_2.png:
  development: 2017-11-29T16:55:23+01:00   b2dcd7d0a9e3d875b95e2a49c1ed9d2d
assets/FF_Capture_3.jpg:
  development: 2017-11-29T16:55:23+01:00   4d10c358206383290e9804a3670f6a5e
assets/FF_Capture_3.png:
  development: 2017-11-29T16:55:24+01:00   089be5c92c90cc9ad35d3a56b183bb6c
assets/FontAwesome.otf:
  development: 2017-11-29T16:55:24+01:00   0d2717cd5d853e5c765ca032dfd41a4d
assets/Unconfirmed 829873.crdownload:
  development: 2017-11-29T16:55:24+01:00
assets/app.endless.js.liquid:
  development: 2017-11-29T16:55:24+01:00   ab0aac6de92adc498b9087788b0c7778
assets/app.fullpage.js:
  development: 2017-12-09T23:38:40+01:00   f226daaed3d46f18991f46926b0d0002
assets/app.js.liquid:
  development: 2017-11-29T16:55:25+01:00   ae5cb996f3d649f9a07cfb5552610d40
assets/app.scss.liquid:
  development: 2017-12-09T23:45:45+01:00   59264377ff6a201be5b8408b6050cf59
assets/arrow-left:
  development: 2017-11-29T16:55:47+01:00
assets/arrow-left-white.svg:
  development: 2017-11-29T16:55:25+01:00   83f601a7e980ea9b8001a5eef25e32b1
assets/arrow-left.liquid:
  development: 2017-11-29T16:55:25+01:00
assets/arrow-left.svg:
  development: 2017-11-29T16:55:25+01:00   3e0e9d922c8b64d22f3749676dde17a9
assets/arrow-right-white.svg:
  development: 2017-11-29T16:55:25+01:00   4ff3b008c43661bf824257105443e7a2
assets/arrow-right.svg:
  development: 2017-11-29T16:55:25+01:00   3e9142f170bf04eb0914bcfebe7feedf
assets/bg-calculettepage.jpg:
  development: 2017-11-29T16:55:26+01:00   587b5d1a63cbc649d9087ab4769c28f9
assets/bg-calculettepage.svg:
  development: 2017-11-29T16:55:26+01:00   f871820e70e359201435f39261b581b5
assets/bg-homepage.jpg:
  development: 2017-11-29T16:55:26+01:00   d58bf0ab5e1c0076e7c8c1db339ba0d4
assets/carrot-icon.svg:
  development: 2017-11-29T16:55:26+01:00   25eb28f43b78bf85c2ac0c58194c4c7a
assets/cart.js:
  development: 2017-11-29T16:55:26+01:00   0933b0707f0bb9de5dcd1d797f88d2f9
assets/cera_brush_black-webfont.woff:
  development: 2017-11-29T16:55:28+01:00   9aef10eed3e0e810547dccc77dbafef5
assets/cera_brush_black-webfont.woff2:
  development: 2017-11-29T16:55:29+01:00   e7cfd7d90c92571861cb526446460463
assets/chaussette-francaise-jaune-citron.jpg:
  development: 2017-11-29T16:55:29+01:00   f9e3f849eb31b857aa58f23b324ffd0f
assets/concept-1.png:
  development: 2017-11-29T16:55:31+01:00   cade866fe9b7b11e31e771b7cef36f02
assets/concept-1a.jpg:
  development: 2017-11-29T16:55:31+01:00   ea3bb2393ca5a0c8d12cabc11365d84e
assets/consistent_cart_addon.min.js:
  development: 2017-11-29T16:55:31+01:00   c4aeec14ac7a929fff018c63780ec8de
assets/coton-soie-polyester-viscose-acetate.jpg:
  development: 2017-11-29T16:55:32+01:00   fabee7dcc8b86cb99a352106f2673675
assets/dynamics.js:
  development: 2017-11-29T16:55:32+01:00   22e4c407f646dceae6cdf4fed06dd6aa
assets/favicon.png:
  development: 2017-11-29T16:55:32+01:00   40ddc06a93a03a5237226c2e7fdf4196
assets/font-awesome.min.css:
  development: 2017-11-29T16:55:32+01:00   1b3a95a6b004c5f7936a0732c5b3b839
assets/fontawesome-webfont.eot:
  development: 2017-11-29T16:55:33+01:00   674f50d287a8c48dc19ba404d20fe713
assets/fontawesome-webfont.svg:
  development: 2017-11-29T16:55:33+01:00   912ec66d7572ff821749319396470bde
assets/fontawesome-webfont.ttf:
  development: 2017-11-29T16:55:33+01:00   b06871f281fee6b241d60582ae9369b9
assets/fontawesome-webfont.woff:
  development: 2017-11-29T16:55:33+01:00   fee66e712a8a08eef5805a46892932ad
assets/fontawesome-webfont.woff2:
  development: 2017-11-29T16:55:34+01:00   af7ae505a9eed503f8b8e6982036873e
assets/gift-card.scss.liquid:
  development: 2017-11-29T16:55:34+01:00   4ad24bb3b0289842381cfd7be1d4fcba
assets/home-page-sock.jpg:
  development: 2017-11-29T16:55:34+01:00   b677f531d33c78248f692ca81ec25ddd
assets/img-concept1.jpg:
  development: 2017-11-29T16:55:35+01:00   13c47cb2d339a49c67f97430a1914ef0
assets/img-concept2.jpg:
  development: 2017-11-29T16:55:35+01:00   168d09d5f019e44be5cda7f8dd67eee1
assets/img-concept3.jpg:
  development: 2017-11-29T16:55:36+01:00   e9d9ced0f0b768e19fc8b8278a8e5d3b
assets/img-concept4.jpg:
  development: 2017-11-29T16:55:36+01:00   86affbf6c1f029ce950e5a92c4d1fae1
assets/jquery.easing.min.js:
  development: 2017-11-29T16:55:36+01:00   e2d41e5c8fed838d9014fea53d45ce75
assets/jquery.fullPage.css:
  development: 2017-11-29T16:55:36+01:00   4454a53b2ca5c8a202166dd1d6a8eae1
assets/jquery.fullPage.js:
  development: 2017-11-29T16:55:37+01:00   bd85a1cfccfc4deb6592285f480fec0a
assets/jquery.fullPage.min.js:
  development: 2017-11-29T16:55:37+01:00   e3fa51f790f715fdc04cf939f0a07666
assets/jquery.fullpage.min.js.map:
  development: 2017-11-29T16:55:37+01:00   40bd006bf100d07fda6a8de473c2787d
assets/jquery.fullpage.min.js.map.txt:
  development: 2017-11-29T16:55:37+01:00
assets/jquery.multiscroll.css:
  development: 2017-11-29T16:55:38+01:00   334a956340cfebb55dc8222583665f89
assets/jquery.multiscroll.extensions.min.js:
  development: 2017-11-29T16:55:38+01:00   13e61114db898b5276ff569b32fdaecd
assets/jquery.multiscroll.min.js:
  development: 2017-11-29T16:55:38+01:00   e1a95cc2d10031fbcf8ec09142ca0582
assets/jquery.multiscroll.min.js.map:
  development: 2017-11-29T16:55:38+01:00   c21b8010a0e29978025178b1989768df
assets/jquery.validate.min.js:
  development: 2017-11-29T16:55:38+01:00   9346ec27896981bc4c0b146cf327727a
assets/logo.png:
  development: 2017-11-29T16:55:38+01:00   20c23edebb0b3539a58a3aea86a625c4
assets/modernizr.min.js:
  development: 2017-11-29T16:55:38+01:00   dc21cffad945a84cbbe770d52b1a0ded
assets/multiscroll.responsiveExpand.min.js:
  development: 2017-11-29T16:55:39+01:00   5993b28145d526400eb510985923494e
assets/nl-form.css:
  development: 2017-11-29T16:55:39+01:00
assets/nl-form.scss.liquid:
  development: 2017-11-29T16:55:39+01:00
assets/product-icons.svg:
  development: 2017-11-29T16:55:39+01:00   b8a061f4f9050e855dc33e7543eedd80
assets/qh-logo-white.svg:
  development: 2017-11-29T16:55:39+01:00   d5600ce4b5f8e3ec1c0150c84e86a5c4
assets/qh-logo.png:
  development: 2017-11-29T16:55:39+01:00   a6ee744300b04f0a55dc571c1dd57a9d
assets/qh-logo.svg:
  development: 2017-11-29T16:55:40+01:00   59144f9d9d8af98125af4efd8e4e2ad6
assets/qh_mg.png:
  development: 2017-11-29T16:55:40+01:00   8b97c2d6d502779015e3e000529635a0
assets/qh_mg.svg:
  development: 2017-11-29T16:55:42+01:00   011565b167213c40c04e0011314eb71e
assets/required.svg:
  development: 2017-11-29T16:55:42+01:00   34d784cef48b191af93f5d4a1627a941
assets/respond-proxy.html:
  development: 2017-11-29T16:55:43+01:00   75002d74a330bff6bf069284da503b4c
assets/respond.min.js:
  development: 2017-11-29T16:55:43+01:00   a2684e9b8fa50d6d11c56a9ada068528
assets/rivets.min.js:
  development: 2017-11-29T16:55:43+01:00   a44f1f39e2151d6a40f2225ce0cc2db9
assets/sofia_pro_bold-webfont.woff:
  development: 2017-11-29T16:55:43+01:00   833d56449552f4ecba643d1844490d1f
assets/sofia_pro_bold-webfont.woff2:
  development: 2017-11-29T16:55:43+01:00   2e4a67390f179240d6d72cd026464c0f
assets/sofia_pro_light-webfont.woff:
  development: 2017-11-29T16:55:44+01:00   3cd5221f0852f2e98a0f4abe597c5dc8
assets/sofia_pro_light-webfont.woff2:
  development: 2017-11-29T16:55:44+01:00   3c9de0c6a249217f1d1c103582474773
assets/sofia_pro_medium-webfont.woff:
  development: 2017-11-29T16:55:44+01:00   ed5bc9b483e2c16b37d0d0b3172c5b4c
assets/sofia_pro_medium-webfont.woff2:
  development: 2017-11-29T16:55:44+01:00   667ac521a5cc2d18756ea38225ed082d
assets/temp-home-image.png:
  development: 2017-11-29T16:55:44+01:00
config/settings_data.json:
  development: 2017-11-29T16:55:20+01:00   0bef4baa3e4c00580023324a8a940ff4
config/settings_schema.json:
  development: 2017-11-29T16:55:46+01:00   d8ddfc1a76c6e4203c4e722cbbbde922
layout/fullpage.liquid:
  development: 2017-12-08T03:49:45+01:00   8d9eb942da1c28f2cd4b4aadb777d419
layout/gift_card.liquid:
  development: 2017-11-29T16:55:44+01:00   fda8be4bd4603cb875c9c21e22eba88f
layout/multiscroll.liquid:
  development: 2017-12-04T01:22:03+01:00   2ffc901b05b266aaf5c763c481cfe4a5
layout/password.liquid:
  development: 2017-11-29T16:55:44+01:00   5a7e1e03cefe1c86aae5094969f589ed
layout/theme.liquid:
  development: 2017-12-04T01:22:06+01:00   c790929656e83b5d9ea70ed62627b42a
layout/theme.shogun.landing.liquid:
  development: 2017-11-29T16:55:44+01:00   c329771d45cce2e3476e09f3c3eb2839
locales/en.json:
  development: 2017-11-29T16:55:44+01:00   1b0ba7f755308ca3d7a4c0af42adccf5
locales/fr.default.json:
  development: 2017-11-29T16:55:44+01:00   737d048657731fc359200f369c79734d
sections/collections.liquid:
  development: 2017-11-29T16:55:20+01:00   e24bc70d1bc2a8b2c0a97970b749ad5c
sections/news.liquid:
  development: 2017-11-29T16:55:20+01:00   997c75d316dd65cdbea4b7e5c825a02d
sections/page.liquid:
  development: 2017-11-29T16:55:20+01:00   58d03c0429fe9fc28d5ced72f6378a57
sections/password-content.liquid:
  development: 2017-11-29T16:55:20+01:00   1e786725d7a77fd94b671080d1cae052
sections/password-footer.liquid:
  development: 2017-11-29T16:55:20+01:00   77743f1dc40bfb98a557b84a8dccf7c6
sections/password-header.liquid:
  development: 2017-11-29T16:55:20+01:00   4c395ddc681cdb226a944ce7f0ade344
sections/products.liquid:
  development: 2017-11-29T16:55:20+01:00   fc1d940ac2c052507ea1275384a987d9
snippets/Untitled-1.ai:
  development: 2017-11-29T16:55:44+01:00
snippets/account-sidebar.liquid:
  development: 2017-11-29T16:55:44+01:00   a046d5ce85804d0360118355ef858e38
snippets/arrow-left.liquid:
  development: 2017-11-29T16:55:44+01:00
snippets/arrow-left.svg.liquid:
  development: 2017-11-29T16:55:44+01:00   ee81e08e960112fd68748467781189ad
snippets/arrow-right.svg.liquid:
  development: 2017-11-29T16:55:44+01:00   ef0ba50779930211f6bedb5dd4226a76
snippets/blog-author.liquid:
  development: 2017-11-29T16:55:44+01:00   aa4da181ccb7e18896864b8940cbdd54
snippets/blog-comments.liquid:
  development: 2017-11-29T16:55:44+01:00   a88a8006c225c96bf592136fc0d65ebb
snippets/blog-sidebar.liquid:
  development: 2017-11-29T16:55:44+01:00   b9a28e7578f408489c26691c7dd756d0
snippets/bold-product.liquid:
  development: 2017-11-29T16:55:44+01:00   275f62a525af8b0fb02b12fa4a5199b5
snippets/bold-variant.liquid:
  development: 2017-11-29T16:55:44+01:00   10a7ce07b37976f66bdc697df7635574
snippets/collection-product.liquid:
  development: 2017-11-29T16:55:44+01:00   4d94d6f43c7476aca73580836b69bdb5
snippets/collection-sidebar.liquid:
  development: 2017-11-29T16:55:44+01:00   8e0b4ae530eb6f82c360b4c9e1d1ca7a
snippets/icon.liquid:
  development: 2017-11-29T16:55:44+01:00   a9642754d6022374d8a70d264f0979f0
snippets/oldIE-js.liquid:
  development: 2017-11-29T16:55:45+01:00   1197cc7109944206a600ed5caaef6a6f
snippets/onboarding-empty-collection.liquid:
  development: 2017-11-29T16:55:45+01:00   aa0b5ac951150bf361f734675922a3a8
snippets/onboarding-featured-collections.liquid:
  development: 2017-11-29T16:55:45+01:00   7f453f033ee158d42ffd9ca60923a429
snippets/onboarding-featured-products.liquid:
  development: 2017-11-29T16:55:45+01:00   a4e0b14e8189709af04016f852689969
snippets/payment-gateways.liquid:
  development: 2017-11-29T16:55:45+01:00   4aefd2d595b85d0b421bbb9722a76b7b
snippets/popup-account.liquid:
  development: 2017-11-29T16:55:45+01:00   a44eb21ac1ba026bbe43832b37489d2b
snippets/popup-cart.liquid:
  development: 2017-11-29T16:55:45+01:00   2b29d582364f8d578a8f8051cc78105a
snippets/popup-contact.liquid:
  development: 2017-11-29T16:55:45+01:00   e82e46b2286241359afa6fe74c18c4f3
snippets/popup-demo.liquid:
  development: 2017-11-29T16:55:45+01:00
snippets/popup-error.liquid:
  development: 2017-11-29T16:55:45+01:00   4032768872c28d35b20c5c1cc8d9ee3d
snippets/popup-home.liquid:
  development: 2017-12-04T01:20:27+01:00   215d7847124bac880a62082e96f81155
snippets/popup-product-details.liquid:
  development: 2017-11-29T17:52:15+01:00   2c5aced7e7a295f7023a4e89d1343502
snippets/popup-products.liquid:
  development: 2017-11-29T16:55:45+01:00   0b7a981474f37dcbeb7c39e3b238ae67
snippets/product-icons.liquid:
  development: 2017-11-29T16:55:45+01:00   b9ba3cdd85c1e2054a9bd3c8d4c20c8a
snippets/product-loop-sorted.liquid:
  development: 2017-12-09T23:35:56+01:00   6acbc38a412567af9990698b9b8e5a18
snippets/product-slide-data.liquid:
  development: 2017-12-08T04:23:57+01:00   d48f46897850aef3f975342a6e32fa60
snippets/product-slide.liquid:
  development: 2017-11-29T16:55:45+01:00
snippets/product-sorted-loop.liquid:
  development: 2017-11-29T16:55:45+01:00
snippets/product-view.liquid:
  development: 2017-12-09T23:10:46+01:00   49061869c20837a24ca5dfbacfd616d8
snippets/respond.liquid:
  development: 2017-11-29T16:55:45+01:00   ca6abf0635dc2ad8c6bd377f83c79f6b
snippets/search-form.liquid:
  development: 2017-11-29T16:55:45+01:00   a8aa2e8689d1003d2b1a2c5c17910d37
snippets/search-sort.liquid:
  development: 2017-11-29T16:55:45+01:00   7261291adcc710012aadb7891f9b5216
snippets/shappify-qb-min-price.liquid:
  development: 2017-11-29T16:55:45+01:00   4526d0010689257e70e51f2c4a799828
snippets/shappify-qb-no-select.liquid:
  development: 2017-11-29T16:55:45+01:00   cf2660c66921d35717abb937ac31625f
snippets/shappify-select.liquid:
  development: 2017-11-29T16:55:45+01:00   894f7b92d52fc5575bb21601fdc75237
snippets/shogun-head.liquid:
  development: 2017-11-29T16:55:45+01:00   eed8814e95112d0583803a40a82eeace
snippets/social-links.liquid:
  development: 2017-11-29T16:55:45+01:00   3a33922f4db8017af69ab4ae3476a21b
snippets/social-meta-tags.liquid:
  development: 2017-11-29T16:55:45+01:00   5ee514e32713d81b442669fd276b5055
snippets/social-sharing.liquid:
  development: 2017-11-29T16:55:45+01:00   f7bc074e36bf72e396bc980ab47dafc5
snippets/subscribe-form.liquid:
  development: 2017-11-29T16:55:45+01:00   a138f4991914d9a339db31469dc4cb93
snippets/theme-breadcrumbs.liquid:
  development: 2017-11-29T16:55:45+01:00   f5795179bae2f42fe60a798b1317c056
snippets/theme-footer-cartInit.liquid:
  development: 2017-11-29T16:55:45+01:00   97cea757cf88ad44a707800207ec135d
snippets/theme-footer.liquid:
  development: 2017-11-29T16:55:45+01:00   48e6f8541572f835bc4274ed0014fd12
snippets/theme-header.liquid:
  development: 2017-11-29T16:55:45+01:00   c3374ce15b6d6168c4859a7260815be9
snippets/theme-nav-footer.liquid:
  development: 2017-11-29T16:55:45+01:00   82d808e977328bc0007761a505537e94
snippets/theme-nav-main.liquid:
  development: 2017-11-29T16:55:45+01:00   7de5319243510d64356d21d1919c6efc
snippets/theme-nav-secondary.liquid:
  development: 2017-11-29T16:55:45+01:00   3e123da978305116a10838298f28f42a
snippets/theme-nav-toggled.liquid:
  development: 2017-12-09T23:45:56+01:00   0701d0acf19b5b0d6391060e97fa2916
snippets/url.liquid:
  development: 2017-11-29T16:55:45+01:00   122496c14114ae767bb6a7af21c90d8c
templates/404.liquid:
  development: 2017-11-29T16:55:45+01:00   3741da6b2e92e92048d19042fa731ab0
templates/article.liquid:
  development: 2017-11-29T16:55:45+01:00   a42b2b24cdeab73cb874c9cf917022bb
templates/blog.grid.liquid:
  development: 2017-11-29T16:55:45+01:00
templates/blog.liquid:
  development: 2017-12-09T23:55:30+01:00   4775ab804289aaa8a5873639d56a093a
templates/blog.list.liquid:
  development: 2017-11-29T16:55:45+01:00   30d0c9a173cbb14e74f4803de02baec8
templates/cart.liquid:
  development: 2017-12-09T23:46:11+01:00   86296b2b265be19ff2f2e7375b7e8b77
templates/cart.static.liquid:
  development: 2017-11-29T16:55:45+01:00   545d51357969436cdf5184e82b9f15cc
templates/collection.liquid:
  development: 2017-11-29T16:55:45+01:00   91cafc284f2c8e1b3b5c8f7adf551cce
templates/collection.list.liquid:
  development: 2017-11-29T16:55:46+01:00   c8ec37718337a64fbbd74f557fbc487b
templates/customers/account.liquid:
  development: 2017-11-29T16:55:46+01:00   b4fa2e6e294885f33e65fdabda3f53a4
templates/customers/activate_account.liquid:
  development: 2017-11-29T16:55:46+01:00   ae77bdd551c3c7c0056eeec77f5788e3
templates/customers/addresses.liquid:
  development: 2017-11-29T16:55:46+01:00   52bab0ea971b2d166b31d1551809e391
templates/customers/login.liquid:
  development: 2017-11-29T16:55:46+01:00   1387d88f1315426a920b004194a27936
templates/customers/order.liquid:
  development: 2017-11-29T16:55:46+01:00   19a9389e4a83559225979cd4d799a565
templates/customers/register.liquid:
  development: 2017-11-29T16:55:46+01:00   12a9cf31a6da2cf9830af9a26f3e80e4
templates/customers/reset_password.liquid:
  development: 2017-11-29T16:55:46+01:00   f4835c379dad9fefa83cb2563a01e01a
templates/gift_card.liquid:
  development: 2017-11-29T16:55:46+01:00   f59fc7bad8e682efc09c67b5975ffe9a
templates/index.liquid:
  development: 2017-12-04T02:14:48+01:00   bbac9809ff86d0e0bb7cf15c739f3829
templates/list-collections.liquid:
  development: 2017-11-29T16:55:46+01:00   45894a6eb65ca3c282f5ebe6a64bb17d
templates/page.contact.liquid:
  development: 2017-11-29T16:55:46+01:00   e177370121b59145486785a8b8a5312d
templates/page.fullpage-calculator.liquid:
  development: 2017-11-29T16:55:46+01:00   eaad8260f82d5c5647959f98d01a5a03
templates/page.fullpage-concept.liquid:
  development: 2017-11-29T16:55:46+01:00   a5be6ae32c728e15e973f78689f5310d
templates/page.fullpage-vertical-alt.liquid:
  development: 2017-11-29T16:55:46+01:00   b05e30216e8cb23b3e0062e3fb87bf4b
templates/page.fullpage-vertical-contact.liquid:
  development: 2017-11-29T16:55:46+01:00   16fd4a7b7b46b092394ba906f11434e6
templates/page.fullpage-vertical.liquid:
  development: 2017-11-29T16:55:46+01:00   15a79312e27082a7502c169d299f1c45
templates/page.fullpage.liquid:
  development: 2017-11-29T16:55:46+01:00   a5be6ae32c728e15e973f78689f5310d
templates/page.liquid:
  development: 2017-11-29T16:55:46+01:00   38b760b4d2e23c1ed3ddc42424fcaac0
templates/page.shogun.landing.liquid:
  development: 2017-11-29T16:55:46+01:00   681f7acd299e6ad6584d9c307e6dfc19
templates/password.liquid:
  development: 2017-11-29T16:55:46+01:00   accf68013c6c0a6c8f65956366085c51
templates/product.liquid:
  development: 2017-11-29T16:55:46+01:00   a7bd5db655434a77fb75a0437a148fe6
templates/search.liquid:
  development: 2017-11-29T16:55:46+01:00   3a1c5893c2b24f36d8dee2c1f9b2c6b7
