# THIS IS AN AUTOGENERATED FILE. DO NOT EDIT THIS FILE DIRECTLY.
assets/app.scss.liquid:
  development: 2017-11-29T17:58:17+01:00   4c53e0efb7837b8e79748cf0e7a5040a
snippets/popup-product-details.liquid:
  development: 2017-11-29T17:52:15+01:00   2c5aced7e7a295f7023a4e89d1343502
snippets/product-slide-data.liquid:
  development: 2017-11-29T17:46:54+01:00   fd258fe417f447832eaa5faaf0b629f2
